PODS:
  - Aspects (1.4.1)
  - HoloLifecycle (1.0.0):
    - Aspects
  - HoloTarget (0.1.0):
    - YAML-Framework
  - HoloTargetDemoA (0.1.0):
    - HoloLifecycle
    - HoloTarget
    - HoloTargetProtocolPool
  - HoloTargetDemoB (0.1.0):
    - HoloLifecycle
    - HoloTarget
    - HoloTargetProtocolPool
  - HoloTargetProtocolPool (0.1.0)
  - LibYAML (0.1.4)
  - YAML-Framework (0.0.2):
    - LibYAML (~> 0.1.4)

DEPENDENCIES:
  - HoloTarget (from `../`)
  - HoloTargetDemoA (from `../HoloTargetDemoA`)
  - HoloTargetDemoB (from `../HoloTargetDemoB`)
  - HoloTargetProtocolPool (from `../HoloTargetProtocolPool`)

SPEC REPOS:
  trunk:
    - Aspects
    - HoloLifecycle
    - LibYAML
    - YAML-Framework

EXTERNAL SOURCES:
  HoloTarget:
    :path: "../"
  HoloTargetDemoA:
    :path: "../HoloTargetDemoA"
  HoloTargetDemoB:
    :path: "../HoloTargetDemoB"
  HoloTargetProtocolPool:
    :path: "../HoloTargetProtocolPool"

SPEC CHECKSUMS:
  Aspects: 7595ba96a6727a58ebcbfc954497fc5d2fdde546
  HoloLifecycle: b93ffcc09d36f18629b58a7f0d36d5535472be81
  HoloTarget: 0d778ddd4984c6d7692de369fcb9470a6c6b8412
  HoloTargetDemoA: f80c6fc2431acb20b6fec93296dce12e0ea1756d
  HoloTargetDemoB: cc774c615a66c1539e68d54507cf417b1ffe999f
  HoloTargetProtocolPool: 34c1ca43684692b602d0dfe57fc712fa0d9c07c0
  LibYAML: 3af2c5adf3a40dff936d087aa6a77edc10036bc5
  YAML-Framework: 6fe698e19d39d778829f5937e39d1e6bc12afd7b

PODFILE CHECKSUM: b54dd3df3ed63f6297bcb6c020ac58a9793f47e5

COCOAPODS: 1.9.1
